
Microsoft Visual Studio Solution File, Format Version 12.00
# Visual Studio Version 17
VisualStudioVersion = 17.1.32104.313
MinimumVisualStudioVersion = 10.0.40219.1
Project("{9A19103F-16F7-4668-BE54-9A1E7A4F7556}") = "ReleaseService", "ReleaseService\ReleaseService.csproj", "{2100C924-9B0B-4A97-B7A9-A3E494B896D3}"
EndProject
Project("{9A19103F-16F7-4668-BE54-9A1E7A4F7556}") = "FakeDataGen", "FakeDataGen\FakeDataGen.csproj", "{63D674C9-EA5F-4215-AFFD-C29F1A9C0CB6}"
EndProject
Project("{9A19103F-16F7-4668-BE54-9A1E7A4F7556}") = "DataModels", "DataModels\DataModels.csproj", "{8FE530D2-08F2-4AC8-A13C-C0492A69A514}"
EndProject
Project("{E53339B2-1760-4266-BCC7-CA923CBCF16C}") = "docker-compose", "docker-compose.dcproj", "{CCE9B38B-2283-4C80-B934-A1EB258708B2}"
EndProject
Project("{FAE04EC0-301F-11D3-BF4B-00C04F79EFBC}") = "UnitTests", "UnitTests\UnitTests.csproj", "{50F19261-136C-45E1-916B-AEDA52137D3E}"
	ProjectSection(ProjectDependencies) = postProject
		{2100C924-9B0B-4A97-B7A9-A3E494B896D3} = {2100C924-9B0B-4A97-B7A9-A3E494B896D3}
	EndProjectSection
EndProject
Global
	GlobalSection(SolutionConfigurationPlatforms) = preSolution
		Debug|Any CPU = Debug|Any CPU
		Release|Any CPU = Release|Any CPU
	EndGlobalSection
	GlobalSection(ProjectConfigurationPlatforms) = postSolution
		{2100C924-9B0B-4A97-B7A9-A3E494B896D3}.Debug|Any CPU.ActiveCfg = Debug|Any CPU
		{2100C924-9B0B-4A97-B7A9-A3E494B896D3}.Debug|Any CPU.Build.0 = Debug|Any CPU
		{2100C924-9B0B-4A97-B7A9-A3E494B896D3}.Release|Any CPU.ActiveCfg = Release|Any CPU
		{2100C924-9B0B-4A97-B7A9-A3E494B896D3}.Release|Any CPU.Build.0 = Release|Any CPU
		{63D674C9-EA5F-4215-AFFD-C29F1A9C0CB6}.Debug|Any CPU.ActiveCfg = Debug|Any CPU
		{63D674C9-EA5F-4215-AFFD-C29F1A9C0CB6}.Debug|Any CPU.Build.0 = Debug|Any CPU
		{63D674C9-EA5F-4215-AFFD-C29F1A9C0CB6}.Release|Any CPU.ActiveCfg = Release|Any CPU
		{63D674C9-EA5F-4215-AFFD-C29F1A9C0CB6}.Release|Any CPU.Build.0 = Release|Any CPU
		{8FE530D2-08F2-4AC8-A13C-C0492A69A514}.Debug|Any CPU.ActiveCfg = Debug|Any CPU
		{8FE530D2-08F2-4AC8-A13C-C0492A69A514}.Debug|Any CPU.Build.0 = Debug|Any CPU
		{8FE530D2-08F2-4AC8-A13C-C0492A69A514}.Release|Any CPU.ActiveCfg = Release|Any CPU
		{8FE530D2-08F2-4AC8-A13C-C0492A69A514}.Release|Any CPU.Build.0 = Release|Any CPU
		{CCE9B38B-2283-4C80-B934-A1EB258708B2}.Debug|Any CPU.ActiveCfg = Debug|Any CPU
		{CCE9B38B-2283-4C80-B934-A1EB258708B2}.Debug|Any CPU.Build.0 = Debug|Any CPU
		{CCE9B38B-2283-4C80-B934-A1EB258708B2}.Release|Any CPU.ActiveCfg = Release|Any CPU
		{CCE9B38B-2283-4C80-B934-A1EB258708B2}.Release|Any CPU.Build.0 = Release|Any CPU
		{50F19261-136C-45E1-916B-AEDA52137D3E}.Debug|Any CPU.ActiveCfg = Debug|Any CPU
		{50F19261-136C-45E1-916B-AEDA52137D3E}.Debug|Any CPU.Build.0 = Debug|Any CPU
		{50F19261-136C-45E1-916B-AEDA52137D3E}.Release|Any CPU.ActiveCfg = Release|Any CPU
		{50F19261-136C-45E1-916B-AEDA52137D3E}.Release|Any CPU.Build.0 = Release|Any CPU
	EndGlobalSection
	GlobalSection(SolutionProperties) = preSolution
		HideSolutionNode = FALSE
	EndGlobalSection
	GlobalSection(ExtensibilityGlobals) = postSolution
		SolutionGuid = {2E48A9F7-E9EA-43C9-A5BB-74243626A8C6}
	EndGlobalSection
EndGlobal
